
Microsoft Visual Studio Solution File, Format Version 12.00
# Visual Studio Version 16
VisualStudioVersion = 16.0.30517.126
MinimumVisualStudioVersion = 10.0.40219.1
Project("{FAE04EC0-301F-11D3-BF4B-00C04F79EFBC}") = "practical10", "practical10\practical10.csproj", "{9319F55E-5A96-4C21-B993-0C99C22D9EA9}"
EndProject
Global
	GlobalSection(SolutionConfigurationPlatforms) = preSolution
		Debug|Any CPU = Debug|Any CPU
		Release|Any CPU = Release|Any CPU
	EndGlobalSection
	GlobalSection(ProjectConfigurationPlatforms) = postSolution
		{9319F55E-5A96-4C21-B993-0C99C22D9EA9}.Debug|Any CPU.ActiveCfg = Debug|Any CPU
		{9319F55E-5A96-4C21-B993-0C99C22D9EA9}.Debug|Any CPU.Build.0 = Debug|Any CPU
		{9319F55E-5A96-4C21-B993-0C99C22D9EA9}.Release|Any CPU.ActiveCfg = Release|Any CPU
		{9319F55E-5A96-4C21-B993-0C99C22D9EA9}.Release|Any CPU.Build.0 = Release|Any CPU
	EndGlobalSection
	GlobalSection(SolutionProperties) = preSolution
		HideSolutionNode = FALSE
	EndGlobalSection
	GlobalSection(ExtensibilityGlobals) = postSolution
		SolutionGuid = {EDDF17B4-9F46-45AA-A245-270ADD936B77}
	EndGlobalSection
EndGlobal
